
Microsoft Visual Studio Solution File, Format Version 12.00
# Visual Studio 15
VisualStudioVersion = 15.0.26430.15
MinimumVisualStudioVersion = 10.0.40219.1
Project("{FAE04EC0-301F-11D3-BF4B-00C04F79EFBC}") = "ASPAdmin", "ASPAdmin\ASPAdmin.csproj", "{912EA42D-5B85-406C-9CDF-AE87317BF7C0}"
EndProject
Project("{FAE04EC0-301F-11D3-BF4B-00C04F79EFBC}") = "Repository.Entities", "source\Repositorio.Entidades\Repository.Entities.csproj", "{04034A67-5CA5-410D-9B2D-7BD3CEB9564C}"
EndProject
Project("{FAE04EC0-301F-11D3-BF4B-00C04F79EFBC}") = "Repository.DAL", "source\Repositorio.DAL\Repository.DAL.csproj", "{DDAAE2B5-F4A4-4666-A366-28050B6C4CC4}"
EndProject
Global
	GlobalSection(SolutionConfigurationPlatforms) = preSolution
		Debug|Any CPU = Debug|Any CPU
		Release|Any CPU = Release|Any CPU
	EndGlobalSection
	GlobalSection(ProjectConfigurationPlatforms) = postSolution
		{912EA42D-5B85-406C-9CDF-AE87317BF7C0}.Debug|Any CPU.ActiveCfg = Debug|Any CPU
		{912EA42D-5B85-406C-9CDF-AE87317BF7C0}.Debug|Any CPU.Build.0 = Debug|Any CPU
		{912EA42D-5B85-406C-9CDF-AE87317BF7C0}.Release|Any CPU.ActiveCfg = Release|Any CPU
		{912EA42D-5B85-406C-9CDF-AE87317BF7C0}.Release|Any CPU.Build.0 = Release|Any CPU
		{04034A67-5CA5-410D-9B2D-7BD3CEB9564C}.Debug|Any CPU.ActiveCfg = Debug|Any CPU
		{04034A67-5CA5-410D-9B2D-7BD3CEB9564C}.Debug|Any CPU.Build.0 = Debug|Any CPU
		{04034A67-5CA5-410D-9B2D-7BD3CEB9564C}.Release|Any CPU.ActiveCfg = Release|Any CPU
		{04034A67-5CA5-410D-9B2D-7BD3CEB9564C}.Release|Any CPU.Build.0 = Release|Any CPU
		{DDAAE2B5-F4A4-4666-A366-28050B6C4CC4}.Debug|Any CPU.ActiveCfg = Debug|Any CPU
		{DDAAE2B5-F4A4-4666-A366-28050B6C4CC4}.Debug|Any CPU.Build.0 = Debug|Any CPU
		{DDAAE2B5-F4A4-4666-A366-28050B6C4CC4}.Release|Any CPU.ActiveCfg = Release|Any CPU
		{DDAAE2B5-F4A4-4666-A366-28050B6C4CC4}.Release|Any CPU.Build.0 = Release|Any CPU
	EndGlobalSection
	GlobalSection(SolutionProperties) = preSolution
		HideSolutionNode = FALSE
	EndGlobalSection
EndGlobal
